
Microsoft Visual Studio Solution File, Format Version 12.00
# Visual Studio Version 16
VisualStudioVersion = 16.0.28803.156
MinimumVisualStudioVersion = 10.0.40219.1
Project("{FAE04EC0-301F-11D3-BF4B-00C04F79EFBC}") = "C Sharp Text Game", "ConsoleApp5\C Sharp Text Game.csproj", "{C2DBE67B-B0A2-4EB4-A1B6-BF20ECF01A54}"
EndProject
Global
	GlobalSection(SolutionConfigurationPlatforms) = preSolution
		Debug|Any CPU = Debug|Any CPU
		Release|Any CPU = Release|Any CPU
	EndGlobalSection
	GlobalSection(ProjectConfigurationPlatforms) = postSolution
		{C2DBE67B-B0A2-4EB4-A1B6-BF20ECF01A54}.Debug|Any CPU.ActiveCfg = Debug|Any CPU
		{C2DBE67B-B0A2-4EB4-A1B6-BF20ECF01A54}.Debug|Any CPU.Build.0 = Debug|Any CPU
		{C2DBE67B-B0A2-4EB4-A1B6-BF20ECF01A54}.Release|Any CPU.ActiveCfg = Release|Any CPU
		{C2DBE67B-B0A2-4EB4-A1B6-BF20ECF01A54}.Release|Any CPU.Build.0 = Release|Any CPU
	EndGlobalSection
	GlobalSection(SolutionProperties) = preSolution
		HideSolutionNode = FALSE
	EndGlobalSection
	GlobalSection(ExtensibilityGlobals) = postSolution
		SolutionGuid = {CA2BBB28-1C88-420C-BDB7-EF66401A0DD9}
	EndGlobalSection
EndGlobal
